// !$*UTF8*$!
{
	archiveVersion = 1;
	classes = {
	};
	objectVersion = 54;
	objects = {

/* Begin PBXBuildFile section */
		38149AAD225003E2007BF79D /* Charts.framework in Frameworks */ = {isa = PBXBuildFile; fileRef = 38149AAC225003E2007BF79D /* Charts.framework */; };
		38340DDE224FE428009A0E56 /* AppDelegate.swift in Sources */ = {isa = PBXBuildFile; fileRef = 38340DDD224FE428009A0E56 /* AppDelegate.swift */; };
		38340DE0224FE428009A0E56 /* PGSViewController.swift in Sources */ = {isa = PBXBuildFile; fileRef = 38340DDF224FE428009A0E56 /* PGSViewController.swift */; };
		38340DE3224FE428009A0E56 /* Main.storyboard in Resources */ = {isa = PBXBuildFile; fileRef = 38340DE1224FE428009A0E56 /* Main.storyboard */; };
		38340DE5224FE42A009A0E56 /* Assets.xcassets in Resources */ = {isa = PBXBuildFile; fileRef = 38340DE4224FE42A009A0E56 /* Assets.xcassets */; };
		38340DE8224FE42A009A0E56 /* LaunchScreen.storyboard in Resources */ = {isa = PBXBuildFile; fileRef = 38340DE6224FE42A009A0E56 /* LaunchScreen.storyboard */; };
		38340DF0224FE8DA009A0E56 /* InfoViewController.swift in Sources */ = {isa = PBXBuildFile; fileRef = 38340DEF224FE8D9009A0E56 /* InfoViewController.swift */; };
		38340DF2224FEA1C009A0E56 /* html in Resources */ = {isa = PBXBuildFile; fileRef = 38340DF1224FEA1B009A0E56 /* html */; };
		38340DF5224FEAD5009A0E56 /* WebKit.framework in Frameworks */ = {isa = PBXBuildFile; fileRef = 38340DF4224FEAD5009A0E56 /* WebKit.framework */; };
		38340DF9224FF4EB009A0E56 /* StoreKit.framework in Frameworks */ = {isa = PBXBuildFile; fileRef = 38340DF8224FF4EB009A0E56 /* StoreKit.framework */; };
		38340DFB224FF4EE009A0E56 /* GameKit.framework in Frameworks */ = {isa = PBXBuildFile; fileRef = 38340DFA224FF4EE009A0E56 /* GameKit.framework */; };
		384725BD2251CC8300125B03 /* SettingsViewController.swift in Sources */ = {isa = PBXBuildFile; fileRef = 384725BC2251CC8300125B03 /* SettingsViewController.swift */; };
		3892C264225407E50070426C /* Constants.swift in Sources */ = {isa = PBXBuildFile; fileRef = 3892C263225407E50070426C /* Constants.swift */; };
		CA90A51A4E84485611486768 /* Pods_Perfect_Green_Screen.framework in Frameworks */ = {isa = PBXBuildFile; fileRef = 1004E9FE6701A8189ABA1867 /* Pods_Perfect_Green_Screen.framework */; };
		D8EAA9F52DB9ED3B00CDCE5A /* CameraManager.swift in Sources */ = {isa = PBXBuildFile; fileRef = D8EAA9F32DB9ED3B00CDCE5A /* CameraManager.swift */; };
		D8EAA9F62DB9ED3B00CDCE5A /* ImageProcessor.swift in Sources */ = {isa = PBXBuildFile; fileRef = D8EAA9F42DB9ED3B00CDCE5A /* ImageProcessor.swift */; };
/* End PBXBuildFile section */

/* Begin PBXFileReference section */
		1004E9FE6701A8189ABA1867 /* Pods_Perfect_Green_Screen.framework */ = {isa = PBXFileReference; explicitFileType = wrapper.framework; includeInIndex = 0; path = Pods_Perfect_Green_Screen.framework; sourceTree = BUILT_PRODUCTS_DIR; };
		38149AAC225003E2007BF79D /* Charts.framework */ = {isa = PBXFileReference; explicitFileType = wrapper.framework; path = Charts.framework; sourceTree = BUILT_PRODUCTS_DIR; };
		38340DDA224FE428009A0E56 /* Perfect Green Screen.app */ = {isa = PBXFileReference; explicitFileType = wrapper.application; includeInIndex = 0; path = "Perfect Green Screen.app"; sourceTree = BUILT_PRODUCTS_DIR; };
		38340DDD224FE428009A0E56 /* AppDelegate.swift */ = {isa = PBXFileReference; lastKnownFileType = sourcecode.swift; path = AppDelegate.swift; sourceTree = "<group>"; };
		38340DDF224FE428009A0E56 /* PGSViewController.swift */ = {isa = PBXFileReference; lastKnownFileType = sourcecode.swift; path = PGSViewController.swift; sourceTree = "<group>"; };
		38340DE2224FE428009A0E56 /* Base */ = {isa = PBXFileReference; lastKnownFileType = file.storyboard; name = Base; path = Base.lproj/Main.storyboard; sourceTree = "<group>"; };
		38340DE4224FE42A009A0E56 /* Assets.xcassets */ = {isa = PBXFileReference; lastKnownFileType = folder.assetcatalog; path = Assets.xcassets; sourceTree = "<group>"; };
		38340DE7224FE42A009A0E56 /* Base */ = {isa = PBXFileReference; lastKnownFileType = file.storyboard; name = Base; path = Base.lproj/LaunchScreen.storyboard; sourceTree = "<group>"; };
		38340DE9224FE42A009A0E56 /* Info.plist */ = {isa = PBXFileReference; lastKnownFileType = text.plist.xml; path = Info.plist; sourceTree = "<group>"; };
		38340DEF224FE8D9009A0E56 /* InfoViewController.swift */ = {isa = PBXFileReference; fileEncoding = 4; lastKnownFileType = sourcecode.swift; path = InfoViewController.swift; sourceTree = "<group>"; };
		38340DF1224FEA1B009A0E56 /* html */ = {isa = PBXFileReference; lastKnownFileType = folder; path = html; sourceTree = "<group>"; };
		38340DF4224FEAD5009A0E56 /* WebKit.framework */ = {isa = PBXFileReference; lastKnownFileType = wrapper.framework; name = WebKit.framework; path = System/Library/Frameworks/WebKit.framework; sourceTree = SDKROOT; };
		38340DF8224FF4EB009A0E56 /* StoreKit.framework */ = {isa = PBXFileReference; lastKnownFileType = wrapper.framework; name = StoreKit.framework; path = System/Library/Frameworks/StoreKit.framework; sourceTree = SDKROOT; };
		38340DFA224FF4EE009A0E56 /* GameKit.framework */ = {isa = PBXFileReference; lastKnownFileType = wrapper.framework; name = GameKit.framework; path = System/Library/Frameworks/GameKit.framework; sourceTree = SDKROOT; };
		384725BC2251CC8300125B03 /* SettingsViewController.swift */ = {isa = PBXFileReference; lastKnownFileType = sourcecode.swift; path = SettingsViewController.swift; sourceTree = "<group>"; };
		3892C263225407E50070426C /* Constants.swift */ = {isa = PBXFileReference; lastKnownFileType = sourcecode.swift; path = Constants.swift; sourceTree = "<group>"; };
		44A5B97CC0C45676E154C420 /* Pods-Perfect Green Screen.debug.xcconfig */ = {isa = PBXFileReference; includeInIndex = 1; lastKnownFileType = text.xcconfig; name = "Pods-Perfect Green Screen.debug.xcconfig"; path = "Target Support Files/Pods-Perfect Green Screen/Pods-Perfect Green Screen.debug.xcconfig"; sourceTree = "<group>"; };
		5A795205201F1A4FFF225EF4 /* Pods-Perfect Green Screen.release.xcconfig */ = {isa = PBXFileReference; includeInIndex = 1; lastKnownFileType = text.xcconfig; name = "Pods-Perfect Green Screen.release.xcconfig"; path = "Target Support Files/Pods-Perfect Green Screen/Pods-Perfect Green Screen.release.xcconfig"; sourceTree = "<group>"; };
		D8EAA9F32DB9ED3B00CDCE5A /* CameraManager.swift */ = {isa = PBXFileReference; lastKnownFileType = sourcecode.swift; path = CameraManager.swift; sourceTree = "<group>"; };
		D8EAA9F42DB9ED3B00CDCE5A /* ImageProcessor.swift */ = {isa = PBXFileReference; lastKnownFileType = sourcecode.swift; path = ImageProcessor.swift; sourceTree = "<group>"; };
/* End PBXFileReference section */

/* Begin PBXFrameworksBuildPhase section */
		38340DD7224FE428009A0E56 /* Frameworks */ = {
			isa = PBXFrameworksBuildPhase;
			buildActionMask = 2147483647;
			files = (
				38149AAD225003E2007BF79D /* Charts.framework in Frameworks */,
				38340DFB224FF4EE009A0E56 /* GameKit.framework in Frameworks */,
				38340DF5224FEAD5009A0E56 /* WebKit.framework in Frameworks */,
				38340DF9224FF4EB009A0E56 /* StoreKit.framework in Frameworks */,
				CA90A51A4E84485611486768 /* Pods_Perfect_Green_Screen.framework in Frameworks */,
			);
			runOnlyForDeploymentPostprocessing = 0;
		};
/* End PBXFrameworksBuildPhase section */

/* Begin PBXGroup section */
		38340DD1224FE428009A0E56 = {
			isa = PBXGroup;
			children = (
				38340DDC224FE428009A0E56 /* Perfect Green Screen */,
				38340DDB224FE428009A0E56 /* Products */,
				38340DF3224FEAD4009A0E56 /* Frameworks */,
				9CA81D731C4F674CE4D0065D /* Pods */,
			);
			sourceTree = "<group>";
		};
		38340DDB224FE428009A0E56 /* Products */ = {
			isa = PBXGroup;
			children = (
				38340DDA224FE428009A0E56 /* Perfect Green Screen.app */,
			);
			name = Products;
			sourceTree = "<group>";
		};
		38340DDC224FE428009A0E56 /* Perfect Green Screen */ = {
			isa = PBXGroup;
			children = (
				D8EAA9F22DB9ED2000CDCE5A /* Aux */,
				D8EAA9F02DB9ED0500CDCE5A /* App */,
				D8EAA9EF2DB9ECF600CDCE5A /* Camera Processing */,
				D8EAA9F12DB9ED0E00CDCE5A /* Views */,
				38340DE1224FE428009A0E56 /* Main.storyboard */,
				38340DE4224FE42A009A0E56 /* Assets.xcassets */,
				38340DE6224FE42A009A0E56 /* LaunchScreen.storyboard */,
				38340DE9224FE42A009A0E56 /* Info.plist */,
				38340DF1224FEA1B009A0E56 /* html */,
			);
			path = "Perfect Green Screen";
			sourceTree = "<group>";
		};
		38340DF3224FEAD4009A0E56 /* Frameworks */ = {
			isa = PBXGroup;
			children = (
				38149AAC225003E2007BF79D /* Charts.framework */,
				38340DFA224FF4EE009A0E56 /* GameKit.framework */,
				38340DF8224FF4EB009A0E56 /* StoreKit.framework */,
				38340DF4224FEAD5009A0E56 /* WebKit.framework */,
				1004E9FE6701A8189ABA1867 /* Pods_Perfect_Green_Screen.framework */,
			);
			name = Frameworks;
			sourceTree = "<group>";
		};
		9CA81D731C4F674CE4D0065D /* Pods */ = {
			isa = PBXGroup;
			children = (
				44A5B97CC0C45676E154C420 /* Pods-Perfect Green Screen.debug.xcconfig */,
				5A795205201F1A4FFF225EF4 /* Pods-Perfect Green Screen.release.xcconfig */,
			);
			path = Pods;
			sourceTree = "<group>";
		};
		D8EAA9EF2DB9ECF600CDCE5A /* Camera Processing */ = {
			isa = PBXGroup;
			children = (
				D8EAA9F32DB9ED3B00CDCE5A /* CameraManager.swift */,
				D8EAA9F42DB9ED3B00CDCE5A /* ImageProcessor.swift */,
			);
			path = "Camera Processing";
			sourceTree = "<group>";
		};
		D8EAA9F02DB9ED0500CDCE5A /* App */ = {
			isa = PBXGroup;
			children = (
				38340DDD224FE428009A0E56 /* AppDelegate.swift */,
			);
			path = App;
			sourceTree = "<group>";
		};
		D8EAA9F12DB9ED0E00CDCE5A /* Views */ = {
			isa = PBXGroup;
			children = (
				38340DEF224FE8D9009A0E56 /* InfoViewController.swift */,
				38340DDF224FE428009A0E56 /* PGSViewController.swift */,
				384725BC2251CC8300125B03 /* SettingsViewController.swift */,
			);
			path = Views;
			sourceTree = "<group>";
		};
		D8EAA9F22DB9ED2000CDCE5A /* Aux */ = {
			isa = PBXGroup;
			children = (
				3892C263225407E50070426C /* Constants.swift */,
			);
			path = Aux;
			sourceTree = "<group>";
		};
/* End PBXGroup section */

/* Begin PBXNativeTarget section */
		38340DD9224FE428009A0E56 /* Perfect Green Screen */ = {
			isa = PBXNativeTarget;
			buildConfigurationList = 38340DEC224FE42A009A0E56 /* Build configuration list for PBXNativeTarget "Perfect Green Screen" */;
			buildPhases = (
				AF0D4E610E8ABF4E75AF5EDB /* [CP] Check Pods Manifest.lock */,
				38340DD6224FE428009A0E56 /* Sources */,
				38340DD7224FE428009A0E56 /* Frameworks */,
				38340DD8224FE428009A0E56 /* Resources */,
				41BE896B80B904A64CED7F4C /* [CP] Embed Pods Frameworks */,
			);
			buildRules = (
			);
			dependencies = (
			);
			name = "Perfect Green Screen";
			productName = "Perfect Green Screen";
			productReference = 38340DDA224FE428009A0E56 /* Perfect Green Screen.app */;
			productType = "com.apple.product-type.application";
		};
/* End PBXNativeTarget section */

/* Begin PBXProject section */
		38340DD2224FE428009A0E56 /* Project object */ = {
			isa = PBXProject;
			attributes = {
				LastSwiftUpdateCheck = 1020;
				LastUpgradeCheck = 1020;
				ORGANIZATIONNAME = "Vitaly Bokser";
				TargetAttributes = {
					38340DD9224FE428009A0E56 = {
						CreatedOnToolsVersion = 10.2;
						SystemCapabilities = {
							com.apple.GameCenter.iOS = {
								enabled = 1;
							};
							com.apple.InAppPurchase = {
								enabled = 1;
							};
						};
					};
				};
			};
			buildConfigurationList = 38340DD5224FE428009A0E56 /* Build configuration list for PBXProject "Perfect Green Screen" */;
			compatibilityVersion = "Xcode 9.3";
			developmentRegion = en;
			hasScannedForEncodings = 0;
			knownRegions = (
				en,
				Base,
			);
			mainGroup = 38340DD1224FE428009A0E56;
			productRefGroup = 38340DDB224FE428009A0E56 /* Products */;
			projectDirPath = "";
			projectRoot = "";
			targets = (
				38340DD9224FE428009A0E56 /* Perfect Green Screen */,
			);
		};
/* End PBXProject section */

/* Begin PBXResourcesBuildPhase section */
		38340DD8224FE428009A0E56 /* Resources */ = {
			isa = PBXResourcesBuildPhase;
			buildActionMask = 2147483647;
			files = (
				38340DE8224FE42A009A0E56 /* LaunchScreen.storyboard in Resources */,
				38340DF2224FEA1C009A0E56 /* html in Resources */,
				38340DE5224FE42A009A0E56 /* Assets.xcassets in Resources */,
				38340DE3224FE428009A0E56 /* Main.storyboard in Resources */,
			);
			runOnlyForDeploymentPostprocessing = 0;
		};
/* End PBXResourcesBuildPhase section */

/* Begin PBXShellScriptBuildPhase section */
		41BE896B80B904A64CED7F4C /* [CP] Embed Pods Frameworks */ = {
			isa = PBXShellScriptBuildPhase;
			buildActionMask = 2147483647;
			files = (
			);
			inputFileListPaths = (
				"${PODS_ROOT}/Target Support Files/Pods-Perfect Green Screen/Pods-Perfect Green Screen-frameworks-${CONFIGURATION}-input-files.xcfilelist",
			);
			inputPaths = (
			);
			name = "[CP] Embed Pods Frameworks";
			outputFileListPaths = (
				"${PODS_ROOT}/Target Support Files/Pods-Perfect Green Screen/Pods-Perfect Green Screen-frameworks-${CONFIGURATION}-output-files.xcfilelist",
			);
			outputPaths = (
			);
			runOnlyForDeploymentPostprocessing = 0;
			shellPath = /bin/sh;
			shellScript = "\"${PODS_ROOT}/Target Support Files/Pods-Perfect Green Screen/Pods-Perfect Green Screen-frameworks.sh\"\n";
			showEnvVarsInLog = 0;
		};
		AF0D4E610E8ABF4E75AF5EDB /* [CP] Check Pods Manifest.lock */ = {
			isa = PBXShellScriptBuildPhase;
			buildActionMask = 2147483647;
			files = (
			);
			inputFileListPaths = (
			);
			inputPaths = (
				"${PODS_PODFILE_DIR_PATH}/Podfile.lock",
				"${PODS_ROOT}/Manifest.lock",
			);
			name = "[CP] Check Pods Manifest.lock";
			outputFileListPaths = (
			);
			outputPaths = (
				"$(DERIVED_FILE_DIR)/Pods-Perfect Green Screen-checkManifestLockResult.txt",
			);
			runOnlyForDeploymentPostprocessing = 0;
			shellPath = /bin/sh;
			shellScript = "diff \"${PODS_PODFILE_DIR_PATH}/Podfile.lock\" \"${PODS_ROOT}/Manifest.lock\" > /dev/null\nif [ $? != 0 ] ; then\n    # print error to STDERR\n    echo \"error: The sandbox is not in sync with the Podfile.lock. Run 'pod install' or update your CocoaPods installation.\" >&2\n    exit 1\nfi\n# This output is used by Xcode 'outputs' to avoid re-running this script phase.\necho \"SUCCESS\" > \"${SCRIPT_OUTPUT_FILE_0}\"\n";
			showEnvVarsInLog = 0;
		};
/* End PBXShellScriptBuildPhase section */

/* Begin PBXSourcesBuildPhase section */
		38340DD6224FE428009A0E56 /* Sources */ = {
			isa = PBXSourcesBuildPhase;
			buildActionMask = 2147483647;
			files = (
				3892C264225407E50070426C /* Constants.swift in Sources */,
				38340DE0224FE428009A0E56 /* PGSViewController.swift in Sources */,
				38340DDE224FE428009A0E56 /* AppDelegate.swift in Sources */,
				38340DF0224FE8DA009A0E56 /* InfoViewController.swift in Sources */,
				D8EAA9F52DB9ED3B00CDCE5A /* CameraManager.swift in Sources */,
				D8EAA9F62DB9ED3B00CDCE5A /* ImageProcessor.swift in Sources */,
				384725BD2251CC8300125B03 /* SettingsViewController.swift in Sources */,
			);
			runOnlyForDeploymentPostprocessing = 0;
		};
/* End PBXSourcesBuildPhase section */

/* Begin PBXVariantGroup section */
		38340DE1224FE428009A0E56 /* Main.storyboard */ = {
			isa = PBXVariantGroup;
			children = (
				38340DE2224FE428009A0E56 /* Base */,
			);
			name = Main.storyboard;
			sourceTree = "<group>";
		};
		38340DE6224FE42A009A0E56 /* LaunchScreen.storyboard */ = {
			isa = PBXVariantGroup;
			children = (
				38340DE7224FE42A009A0E56 /* Base */,
			);
			name = LaunchScreen.storyboard;
			sourceTree = "<group>";
		};
/* End PBXVariantGroup section */

/* Begin XCBuildConfiguration section */
		38340DEA224FE42A009A0E56 /* Debug */ = {
			isa = XCBuildConfiguration;
			buildSettings = {
				ALWAYS_SEARCH_USER_PATHS = NO;
				CLANG_ANALYZER_NONNULL = YES;
				CLANG_ANALYZER_NUMBER_OBJECT_CONVERSION = YES_AGGRESSIVE;
				CLANG_CXX_LANGUAGE_STANDARD = "gnu++14";
				CLANG_CXX_LIBRARY = "libc++";
				CLANG_ENABLE_MODULES = YES;
				CLANG_ENABLE_OBJC_ARC = YES;
				CLANG_ENABLE_OBJC_WEAK = YES;
				CLANG_WARN_BLOCK_CAPTURE_AUTORELEASING = YES;
				CLANG_WARN_BOOL_CONVERSION = YES;
				CLANG_WARN_COMMA = YES;
				CLANG_WARN_CONSTANT_CONVERSION = YES;
				CLANG_WARN_DEPRECATED_OBJC_IMPLEMENTATIONS = YES;
				CLANG_WARN_DIRECT_OBJC_ISA_USAGE = YES_ERROR;
				CLANG_WARN_DOCUMENTATION_COMMENTS = YES;
				CLANG_WARN_EMPTY_BODY = YES;
				CLANG_WARN_ENUM_CONVERSION = YES;
				CLANG_WARN_INFINITE_RECURSION = YES;
				CLANG_WARN_INT_CONVERSION = YES;
				CLANG_WARN_NON_LITERAL_NULL_CONVERSION = YES;
				CLANG_WARN_OBJC_IMPLICIT_RETAIN_SELF = YES;
				CLANG_WARN_OBJC_LITERAL_CONVERSION = YES;
				CLANG_WARN_OBJC_ROOT_CLASS = YES_ERROR;
				CLANG_WARN_RANGE_LOOP_ANALYSIS = YES;
				CLANG_WARN_STRICT_PROTOTYPES = YES;
				CLANG_WARN_SUSPICIOUS_MOVE = YES;
				CLANG_WARN_UNGUARDED_AVAILABILITY = YES_AGGRESSIVE;
				CLANG_WARN_UNREACHABLE_CODE = YES;
				CLANG_WARN__DUPLICATE_METHOD_MATCH = YES;
				CODE_SIGN_IDENTITY = "iPhone Developer";
				COPY_PHASE_STRIP = NO;
				DEBUG_INFORMATION_FORMAT = dwarf;
				ENABLE_STRICT_OBJC_MSGSEND = YES;
				ENABLE_TESTABILITY = YES;
				GCC_C_LANGUAGE_STANDARD = gnu11;
				GCC_DYNAMIC_NO_PIC = NO;
				GCC_NO_COMMON_BLOCKS = YES;
				GCC_OPTIMIZATION_LEVEL = 0;
				GCC_PREPROCESSOR_DEFINITIONS = (
					"DEBUG=1",
					"$(inherited)",
				);
				GCC_WARN_64_TO_32_BIT_CONVERSION = YES;
				GCC_WARN_ABOUT_RETURN_TYPE = YES_ERROR;
				GCC_WARN_UNDECLARED_SELECTOR = YES;
				GCC_WARN_UNINITIALIZED_AUTOS = YES_AGGRESSIVE;
				GCC_WARN_UNUSED_FUNCTION = YES;
				GCC_WARN_UNUSED_VARIABLE = YES;
				IPHONEOS_DEPLOYMENT_TARGET = 11.0;
				MTL_ENABLE_DEBUG_INFO = INCLUDE_SOURCE;
				MTL_FAST_MATH = YES;
				ONLY_ACTIVE_ARCH = YES;
				SDKROOT = iphoneos;
				SWIFT_ACTIVE_COMPILATION_CONDITIONS = DEBUG;
				SWIFT_OPTIMIZATION_LEVEL = "-Onone";
			};
			name = Debug;
		};
		38340DEB224FE42A009A0E56 /* Release */ = {
			isa = XCBuildConfiguration;
			buildSettings = {
				ALWAYS_SEARCH_USER_PATHS = NO;
				CLANG_ANALYZER_NONNULL = YES;
				CLANG_ANALYZER_NUMBER_OBJECT_CONVERSION = YES_AGGRESSIVE;
				CLANG_CXX_LANGUAGE_STANDARD = "gnu++14";
				CLANG_CXX_LIBRARY = "libc++";
				CLANG_ENABLE_MODULES = YES;
				CLANG_ENABLE_OBJC_ARC = YES;
				CLANG_ENABLE_OBJC_WEAK = YES;
				CLANG_WARN_BLOCK_CAPTURE_AUTORELEASING = YES;
				CLANG_WARN_BOOL_CONVERSION = YES;
				CLANG_WARN_COMMA = YES;
				CLANG_WARN_CONSTANT_CONVERSION = YES;
				CLANG_WARN_DEPRECATED_OBJC_IMPLEMENTATIONS = YES;
				CLANG_WARN_DIRECT_OBJC_ISA_USAGE = YES_ERROR;
				CLANG_WARN_DOCUMENTATION_COMMENTS = YES;
				CLANG_WARN_EMPTY_BODY = YES;
				CLANG_WARN_ENUM_CONVERSION = YES;
				CLANG_WARN_INFINITE_RECURSION = YES;
				CLANG_WARN_INT_CONVERSION = YES;
				CLANG_WARN_NON_LITERAL_NULL_CONVERSION = YES;
				CLANG_WARN_OBJC_IMPLICIT_RETAIN_SELF = YES;
				CLANG_WARN_OBJC_LITERAL_CONVERSION = YES;
				CLANG_WARN_OBJC_ROOT_CLASS = YES_ERROR;
				CLANG_WARN_RANGE_LOOP_ANALYSIS = YES;
				CLANG_WARN_STRICT_PROTOTYPES = YES;
				CLANG_WARN_SUSPICIOUS_MOVE = YES;
				CLANG_WARN_UNGUARDED_AVAILABILITY = YES_AGGRESSIVE;
				CLANG_WARN_UNREACHABLE_CODE = YES;
				CLANG_WARN__DUPLICATE_METHOD_MATCH = YES;
				CODE_SIGN_IDENTITY = "iPhone Developer";
				COPY_PHASE_STRIP = NO;
				DEBUG_INFORMATION_FORMAT = "dwarf-with-dsym";
				ENABLE_NS_ASSERTIONS = NO;
				ENABLE_STRICT_OBJC_MSGSEND = YES;
				GCC_C_LANGUAGE_STANDARD = gnu11;
				GCC_NO_COMMON_BLOCKS = YES;
				GCC_WARN_64_TO_32_BIT_CONVERSION = YES;
				GCC_WARN_ABOUT_RETURN_TYPE = YES_ERROR;
				GCC_WARN_UNDECLARED_SELECTOR = YES;
				GCC_WARN_UNINITIALIZED_AUTOS = YES_AGGRESSIVE;
				GCC_WARN_UNUSED_FUNCTION = YES;
				GCC_WARN_UNUSED_VARIABLE = YES;
				IPHONEOS_DEPLOYMENT_TARGET = 11.0;
				MTL_ENABLE_DEBUG_INFO = NO;
				MTL_FAST_MATH = YES;
				SDKROOT = iphoneos;
				SWIFT_COMPILATION_MODE = wholemodule;
				SWIFT_OPTIMIZATION_LEVEL = "-O";
				VALIDATE_PRODUCT = YES;
			};
			name = Release;
		};
		38340DED224FE42A009A0E56 /* Debug */ = {
			isa = XCBuildConfiguration;
			baseConfigurationReference = 44A5B97CC0C45676E154C420 /* Pods-Perfect Green Screen.debug.xcconfig */;
			buildSettings = {
				ASSETCATALOG_COMPILER_APPICON_NAME = AppIcon;
				CODE_SIGN_STYLE = Automatic;
				CURRENT_PROJECT_VERSION = 22;
				DEVELOPMENT_TEAM = W269739UBV;
				INFOPLIST_FILE = "Perfect Green Screen/Info.plist";
				INFOPLIST_KEY_CFBundleDisplayName = "Perfect Green Screen";
				INFOPLIST_KEY_LSApplicationCategoryType = "public.app-category.photography";
				IPHONEOS_DEPLOYMENT_TARGET = 17.6;
				LD_RUNPATH_SEARCH_PATHS = (
					"$(inherited)",
					"@executable_path/Frameworks",
				);
				MARKETING_VERSION = 1.12;
				PRODUCT_BUNDLE_IDENTIFIER = com.indiefilmgear.perfectgreenscreen;
				PRODUCT_NAME = "$(TARGET_NAME)";
				SWIFT_VERSION = 5.0;
				TARGETED_DEVICE_FAMILY = "1,2";
			};
			name = Debug;
		};
		38340DEE224FE42A009A0E56 /* Release */ = {
			isa = XCBuildConfiguration;
			baseConfigurationReference = 5A795205201F1A4FFF225EF4 /* Pods-Perfect Green Screen.release.xcconfig */;
			buildSettings = {
				ASSETCATALOG_COMPILER_APPICON_NAME = AppIcon;
				CODE_SIGN_STYLE = Automatic;
				CURRENT_PROJECT_VERSION = 22;
				DEVELOPMENT_TEAM = W269739UBV;
				INFOPLIST_FILE = "Perfect Green Screen/Info.plist";
				INFOPLIST_KEY_CFBundleDisplayName = "Perfect Green Screen";
				INFOPLIST_KEY_LSApplicationCategoryType = "public.app-category.photography";
				IPHONEOS_DEPLOYMENT_TARGET = 17.6;
				LD_RUNPATH_SEARCH_PATHS = (
					"$(inherited)",
					"@executable_path/Frameworks",
				);
				MARKETING_VERSION = 1.12;
				PRODUCT_BUNDLE_IDENTIFIER = com.indiefilmgear.perfectgreenscreen;
				PRODUCT_NAME = "$(TARGET_NAME)";
				SWIFT_VERSION = 5.0;
				TARGETED_DEVICE_FAMILY = "1,2";
			};
			name = Release;
		};
/* End XCBuildConfiguration section */

/* Begin XCConfigurationList section */
		38340DD5224FE428009A0E56 /* Build configuration list for PBXProject "Perfect Green Screen" */ = {
			isa = XCConfigurationList;
			buildConfigurations = (
				38340DEA224FE42A009A0E56 /* Debug */,
				38340DEB224FE42A009A0E56 /* Release */,
			);
			defaultConfigurationIsVisible = 0;
			defaultConfigurationName = Release;
		};
		38340DEC224FE42A009A0E56 /* Build configuration list for PBXNativeTarget "Perfect Green Screen" */ = {
			isa = XCConfigurationList;
			buildConfigurations = (
				38340DED224FE42A009A0E56 /* Debug */,
				38340DEE224FE42A009A0E56 /* Release */,
			);
			defaultConfigurationIsVisible = 0;
			defaultConfigurationName = Release;
		};
/* End XCConfigurationList section */
	};
	rootObject = 38340DD2224FE428009A0E56 /* Project object */;
}
