// !$*UTF8*$!
{
	archiveVersion = 1;
	classes = {
	};
	objectVersion = 54;
	objects = {

/* Begin PBXBuildFile section */
		38340DDE224FE428009A0E56 /* AppDelegate.swift in Sources */ = {isa = PBXBuildFile; fileRef = 38340DDD224FE428009A0E56 /* AppDelegate.swift */; };
		38340DE0224FE428009A0E56 /* PGSViewController.swift in Sources */ = {isa = PBXBuildFile; fileRef = 38340DDF224FE428009A0E56 /* PGSViewController.swift */; };
		38340DE3224FE428009A0E56 /* Main.storyboard in Resources */ = {isa = PBXBuildFile; fileRef = 38340DE1224FE428009A0E56 /* Main.storyboard */; };
		38340DE5224FE42A009A0E56 /* Assets.xcassets in Resources */ = {isa = PBXBuildFile; fileRef = 38340DE4224FE42A009A0E56 /* Assets.xcassets */; };
		38340DE8224FE42A009A0E56 /* LaunchScreen.storyboard in Resources */ = {isa = PBXBuildFile; fileRef = 38340DE6224FE42A009A0E56 /* LaunchScreen.storyboard */; };
		38340DF0224FE8DA009A0E56 /* InfoViewController.swift in Sources */ = {isa = PBXBuildFile; fileRef = 38340DEF224FE8D9009A0E56 /* InfoViewController.swift */; };
		38340DF2224FEA1C009A0E56 /* html in Resources */ = {isa = PBXBuildFile; fileRef = 38340DF1224FEA1B009A0E56 /* html */; };
		38340DF5224FEAD5009A0E56 /* WebKit.framework in Frameworks */ = {isa = PBXBuildFile; fileRef = 38340DF4224FEAD5009A0E56 /* WebKit.framework */; };
		38340DF9224FF4EB009A0E56 /* StoreKit.framework in Frameworks */ = {isa = PBXBuildFile; fileRef = 38340DF8224FF4EB009A0E56 /* StoreKit.framework */; };
		38340DFB224FF4EE009A0E56 /* GameKit.framework in Frameworks */ = {isa = PBXBuildFile; fileRef = 38340DFA224FF4EE009A0E56 /* GameKit.framework */; };
		384725BD2251CC8300125B03 /* SettingsViewController.swift in Sources */ = {isa = PBXBuildFile; fileRef = 384725BC2251CC8300125B03 /* SettingsViewController.swift */; };
		D8E8993F2DB9F8B200B878B4 /* DGCharts.xcframework in Frameworks */ = {isa = PBXBuildFile; fileRef = D8E8993B2DB9F89900B878B4 /* DGCharts.xcframework */; };
		D8E899402DB9F8B200B878B4 /* DGCharts.xcframework in Embed Frameworks */ = {isa = PBXBuildFile; fileRef = D8E8993B2DB9F89900B878B4 /* DGCharts.xcframework */; settings = {ATTRIBUTES = (CodeSignOnCopy, RemoveHeadersOnCopy, ); }; };
		D8EAA9F52DB9ED3B00CDCE5A /* CameraManager.swift in Sources */ = {isa = PBXBuildFile; fileRef = D8EAA9F32DB9ED3B00CDCE5A /* CameraManager.swift */; };
		D8EAA9F62DB9ED3B00CDCE5A /* ImageProcessor.swift in Sources */ = {isa = PBXBuildFile; fileRef = D8EAA9F42DB9ED3B00CDCE5A /* ImageProcessor.swift */; };
		D8EAA9F82DB9EF7C00CDCE5A /* SettingsManager.swift in Sources */ = {isa = PBXBuildFile; fileRef = D8EAA9F72DB9EF7C00CDCE5A /* SettingsManager.swift */; };
		D8EAA9FA2DB9EF8500CDCE5A /* ChartManager.swift in Sources */ = {isa = PBXBuildFile; fileRef = D8EAA9F92DB9EF8500CDCE5A /* ChartManager.swift */; };
/* End PBXBuildFile section */

/* Begin PBXCopyFilesBuildPhase section */
		D8E899412DB9F8B200B878B4 /* Embed Frameworks */ = {
			isa = PBXCopyFilesBuildPhase;
			buildActionMask = 2147483647;
			dstPath = "";
			dstSubfolderSpec = 10;
			files = (
				D8E899402DB9F8B200B878B4 /* DGCharts.xcframework in Embed Frameworks */,
			);
			name = "Embed Frameworks";
			runOnlyForDeploymentPostprocessing = 0;
		};
/* End PBXCopyFilesBuildPhase section */

/* Begin PBXFileReference section */
		38340DDA224FE428009A0E56 /* Perfect Green Screen.app */ = {isa = PBXFileReference; explicitFileType = wrapper.application; includeInIndex = 0; path = "Perfect Green Screen.app"; sourceTree = BUILT_PRODUCTS_DIR; };
		38340DDD224FE428009A0E56 /* AppDelegate.swift */ = {isa = PBXFileReference; lastKnownFileType = sourcecode.swift; path = AppDelegate.swift; sourceTree = "<group>"; };
		38340DDF224FE428009A0E56 /* PGSViewController.swift */ = {isa = PBXFileReference; lastKnownFileType = sourcecode.swift; path = PGSViewController.swift; sourceTree = "<group>"; };
		38340DE2224FE428009A0E56 /* Base */ = {isa = PBXFileReference; lastKnownFileType = file.storyboard; name = Base; path = Base.lproj/Main.storyboard; sourceTree = "<group>"; };
		38340DE4224FE42A009A0E56 /* Assets.xcassets */ = {isa = PBXFileReference; lastKnownFileType = folder.assetcatalog; path = Assets.xcassets; sourceTree = "<group>"; };
		38340DE7224FE42A009A0E56 /* Base */ = {isa = PBXFileReference; lastKnownFileType = file.storyboard; name = Base; path = Base.lproj/LaunchScreen.storyboard; sourceTree = "<group>"; };
		38340DE9224FE42A009A0E56 /* Info.plist */ = {isa = PBXFileReference; lastKnownFileType = text.plist.xml; path = Info.plist; sourceTree = "<group>"; };
		38340DEF224FE8D9009A0E56 /* InfoViewController.swift */ = {isa = PBXFileReference; fileEncoding = 4; lastKnownFileType = sourcecode.swift; path = InfoViewController.swift; sourceTree = "<group>"; };
		38340DF1224FEA1B009A0E56 /* html */ = {isa = PBXFileReference; lastKnownFileType = folder; path = html; sourceTree = "<group>"; };
		38340DF4224FEAD5009A0E56 /* WebKit.framework */ = {isa = PBXFileReference; lastKnownFileType = wrapper.framework; name = WebKit.framework; path = System/Library/Frameworks/WebKit.framework; sourceTree = SDKROOT; };
		38340DF8224FF4EB009A0E56 /* StoreKit.framework */ = {isa = PBXFileReference; lastKnownFileType = wrapper.framework; name = StoreKit.framework; path = System/Library/Frameworks/StoreKit.framework; sourceTree = SDKROOT; };
		38340DFA224FF4EE009A0E56 /* GameKit.framework */ = {isa = PBXFileReference; lastKnownFileType = wrapper.framework; name = GameKit.framework; path = System/Library/Frameworks/GameKit.framework; sourceTree = SDKROOT; };
		384725BC2251CC8300125B03 /* SettingsViewController.swift */ = {isa = PBXFileReference; lastKnownFileType = sourcecode.swift; path = SettingsViewController.swift; sourceTree = "<group>"; };
		D8C80AAD2DB9F3660095C4D3 /* DGCharts.framework */ = {isa = PBXFileReference; explicitFileType = wrapper.framework; path = DGCharts.framework; sourceTree = BUILT_PRODUCTS_DIR; };
		D8E899392DB9F87A00B878B4 /* Charts.framework */ = {isa = PBXFileReference; lastKnownFileType = wrapper.framework; name = Charts.framework; path = System/Library/Frameworks/Charts.framework; sourceTree = SDKROOT; };
		D8E8993B2DB9F89900B878B4 /* DGCharts.xcframework */ = {isa = PBXFileReference; lastKnownFileType = wrapper.xcframework; name = DGCharts.xcframework; path = Carthage/Build/DGCharts.xcframework; sourceTree = "<group>"; };
		D8EAA9F32DB9ED3B00CDCE5A /* CameraManager.swift */ = {isa = PBXFileReference; lastKnownFileType = sourcecode.swift; path = CameraManager.swift; sourceTree = "<group>"; };
		D8EAA9F42DB9ED3B00CDCE5A /* ImageProcessor.swift */ = {isa = PBXFileReference; lastKnownFileType = sourcecode.swift; path = ImageProcessor.swift; sourceTree = "<group>"; };
		D8EAA9F72DB9EF7C00CDCE5A /* SettingsManager.swift */ = {isa = PBXFileReference; lastKnownFileType = sourcecode.swift; path = SettingsManager.swift; sourceTree = "<group>"; };
		D8EAA9F92DB9EF8500CDCE5A /* ChartManager.swift */ = {isa = PBXFileReference; lastKnownFileType = sourcecode.swift; path = ChartManager.swift; sourceTree = "<group>"; };
		D8EAA9FB2DB9EFEF00CDCE5A /* Perfect Green Screen.entitlements */ = {isa = PBXFileReference; lastKnownFileType = text.plist.entitlements; path = "Perfect Green Screen.entitlements"; sourceTree = "<group>"; };
/* End PBXFileReference section */

/* Begin PBXFrameworksBuildPhase section */
		38340DD7224FE428009A0E56 /* Frameworks */ = {
			isa = PBXFrameworksBuildPhase;
			buildActionMask = 2147483647;
			files = (
				38340DFB224FF4EE009A0E56 /* GameKit.framework in Frameworks */,
				38340DF5224FEAD5009A0E56 /* WebKit.framework in Frameworks */,
				38340DF9224FF4EB009A0E56 /* StoreKit.framework in Frameworks */,
				D8E8993F2DB9F8B200B878B4 /* DGCharts.xcframework in Frameworks */,
			);
			runOnlyForDeploymentPostprocessing = 0;
		};
/* End PBXFrameworksBuildPhase section */

/* Begin PBXGroup section */
		38340DD1224FE428009A0E56 = {
			isa = PBXGroup;
			children = (
				38340DDC224FE428009A0E56 /* Perfect Green Screen */,
				38340DDB224FE428009A0E56 /* Products */,
				38340DF3224FEAD4009A0E56 /* Frameworks */,
			);
			sourceTree = "<group>";
		};
		38340DDB224FE428009A0E56 /* Products */ = {
			isa = PBXGroup;
			children = (
				38340DDA224FE428009A0E56 /* Perfect Green Screen.app */,
			);
			name = Products;
			sourceTree = "<group>";
		};
		38340DDC224FE428009A0E56 /* Perfect Green Screen */ = {
			isa = PBXGroup;
			children = (
				D8EAA9FB2DB9EFEF00CDCE5A /* Perfect Green Screen.entitlements */,
				D8EAA9F02DB9ED0500CDCE5A /* App */,
				D8EAA9EF2DB9ECF600CDCE5A /* Modules */,
				D8EAA9F12DB9ED0E00CDCE5A /* Views */,
				38340DE1224FE428009A0E56 /* Main.storyboard */,
				38340DE4224FE42A009A0E56 /* Assets.xcassets */,
				38340DE6224FE42A009A0E56 /* LaunchScreen.storyboard */,
				38340DE9224FE42A009A0E56 /* Info.plist */,
				38340DF1224FEA1B009A0E56 /* html */,
			);
			path = "Perfect Green Screen";
			sourceTree = "<group>";
		};
		38340DF3224FEAD4009A0E56 /* Frameworks */ = {
			isa = PBXGroup;
			children = (
				D8E8993B2DB9F89900B878B4 /* DGCharts.xcframework */,
				D8E899392DB9F87A00B878B4 /* Charts.framework */,
				D8C80AAD2DB9F3660095C4D3 /* DGCharts.framework */,
				38340DFA224FF4EE009A0E56 /* GameKit.framework */,
				38340DF8224FF4EB009A0E56 /* StoreKit.framework */,
				38340DF4224FEAD5009A0E56 /* WebKit.framework */,
			);
			name = Frameworks;
			sourceTree = "<group>";
		};
		D8EAA9EF2DB9ECF600CDCE5A /* Modules */ = {
			isa = PBXGroup;
			children = (
				D8EAA9F92DB9EF8500CDCE5A /* ChartManager.swift */,
				D8EAA9F32DB9ED3B00CDCE5A /* CameraManager.swift */,
				D8EAA9F42DB9ED3B00CDCE5A /* ImageProcessor.swift */,
				D8EAA9F72DB9EF7C00CDCE5A /* SettingsManager.swift */,
			);
			path = Modules;
			sourceTree = "<group>";
		};
		D8EAA9F02DB9ED0500CDCE5A /* App */ = {
			isa = PBXGroup;
			children = (
				38340DDD224FE428009A0E56 /* AppDelegate.swift */,
			);
			path = App;
			sourceTree = "<group>";
		};
		D8EAA9F12DB9ED0E00CDCE5A /* Views */ = {
			isa = PBXGroup;
			children = (
				38340DEF224FE8D9009A0E56 /* InfoViewController.swift */,
				38340DDF224FE428009A0E56 /* PGSViewController.swift */,
				384725BC2251CC8300125B03 /* SettingsViewController.swift */,
			);
			path = Views;
			sourceTree = "<group>";
		};
/* End PBXGroup section */

/* Begin PBXNativeTarget section */
		38340DD9224FE428009A0E56 /* Perfect Green Screen */ = {
			isa = PBXNativeTarget;
			buildConfigurationList = 38340DEC224FE42A009A0E56 /* Build configuration list for PBXNativeTarget "Perfect Green Screen" */;
			buildPhases = (
				38340DD6224FE428009A0E56 /* Sources */,
				38340DD7224FE428009A0E56 /* Frameworks */,
				38340DD8224FE428009A0E56 /* Resources */,
				D89C567A2DB9F4530001AA00 /* ShellScript */,
				D8E899412DB9F8B200B878B4 /* Embed Frameworks */,
			);
			buildRules = (
			);
			dependencies = (
			);
			name = "Perfect Green Screen";
			productName = "Perfect Green Screen";
			productReference = 38340DDA224FE428009A0E56 /* Perfect Green Screen.app */;
			productType = "com.apple.product-type.application";
		};
/* End PBXNativeTarget section */

/* Begin PBXProject section */
		38340DD2224FE428009A0E56 /* Project object */ = {
			isa = PBXProject;
			attributes = {
				BuildIndependentTargetsInParallel = YES;
				LastSwiftUpdateCheck = 1020;
				LastUpgradeCheck = 1630;
				ORGANIZATIONNAME = "Vitaly Bokser";
				TargetAttributes = {
					38340DD9224FE428009A0E56 = {
						CreatedOnToolsVersion = 10.2;
						SystemCapabilities = {
							com.apple.GameCenter.iOS = {
								enabled = 1;
							};
							com.apple.InAppPurchase = {
								enabled = 1;
							};
						};
					};
				};
			};
			buildConfigurationList = 38340DD5224FE428009A0E56 /* Build configuration list for PBXProject "Perfect Green Screen" */;
			compatibilityVersion = "Xcode 9.3";
			developmentRegion = en;
			hasScannedForEncodings = 0;
			knownRegions = (
				en,
				Base,
			);
			mainGroup = 38340DD1224FE428009A0E56;
			productRefGroup = 38340DDB224FE428009A0E56 /* Products */;
			projectDirPath = "";
			projectRoot = "";
			targets = (
				38340DD9224FE428009A0E56 /* Perfect Green Screen */,
			);
		};
/* End PBXProject section */

/* Begin PBXResourcesBuildPhase section */
		38340DD8224FE428009A0E56 /* Resources */ = {
			isa = PBXResourcesBuildPhase;
			buildActionMask = 2147483647;
			files = (
				38340DE8224FE42A009A0E56 /* LaunchScreen.storyboard in Resources */,
				38340DF2224FEA1C009A0E56 /* html in Resources */,
				38340DE5224FE42A009A0E56 /* Assets.xcassets in Resources */,
				38340DE3224FE428009A0E56 /* Main.storyboard in Resources */,
			);
			runOnlyForDeploymentPostprocessing = 0;
		};
/* End PBXResourcesBuildPhase section */

/* Begin PBXShellScriptBuildPhase section */
		D89C567A2DB9F4530001AA00 /* ShellScript */ = {
			isa = PBXShellScriptBuildPhase;
			buildActionMask = 2147483647;
			files = (
			);
			inputFileListPaths = (
			);
			inputPaths = (
			);
			outputFileListPaths = (
			);
			outputPaths = (
			);
			runOnlyForDeploymentPostprocessing = 0;
			shellPath = /bin/sh;
			shellScript = "# Type a script or drag a script file from your workspace to insert its path.\n";
		};
/* End PBXShellScriptBuildPhase section */

/* Begin PBXSourcesBuildPhase section */
		38340DD6224FE428009A0E56 /* Sources */ = {
			isa = PBXSourcesBuildPhase;
			buildActionMask = 2147483647;
			files = (
				38340DE0224FE428009A0E56 /* PGSViewController.swift in Sources */,
				D8EAA9FA2DB9EF8500CDCE5A /* ChartManager.swift in Sources */,
				38340DDE224FE428009A0E56 /* AppDelegate.swift in Sources */,
				38340DF0224FE8DA009A0E56 /* InfoViewController.swift in Sources */,
				D8EAA9F82DB9EF7C00CDCE5A /* SettingsManager.swift in Sources */,
				D8EAA9F52DB9ED3B00CDCE5A /* CameraManager.swift in Sources */,
				D8EAA9F62DB9ED3B00CDCE5A /* ImageProcessor.swift in Sources */,
				384725BD2251CC8300125B03 /* SettingsViewController.swift in Sources */,
			);
			runOnlyForDeploymentPostprocessing = 0;
		};
/* End PBXSourcesBuildPhase section */

/* Begin PBXVariantGroup section */
		38340DE1224FE428009A0E56 /* Main.storyboard */ = {
			isa = PBXVariantGroup;
			children = (
				38340DE2224FE428009A0E56 /* Base */,
			);
			name = Main.storyboard;
			sourceTree = "<group>";
		};
		38340DE6224FE42A009A0E56 /* LaunchScreen.storyboard */ = {
			isa = PBXVariantGroup;
			children = (
				38340DE7224FE42A009A0E56 /* Base */,
			);
			name = LaunchScreen.storyboard;
			sourceTree = "<group>";
		};
/* End PBXVariantGroup section */

/* Begin XCBuildConfiguration section */
		38340DEA224FE42A009A0E56 /* Debug */ = {
			isa = XCBuildConfiguration;
			buildSettings = {
				ALWAYS_SEARCH_USER_PATHS = NO;
				CLANG_ANALYZER_NONNULL = YES;
				CLANG_ANALYZER_NUMBER_OBJECT_CONVERSION = YES_AGGRESSIVE;
				CLANG_CXX_LANGUAGE_STANDARD = "gnu++14";
				CLANG_CXX_LIBRARY = "libc++";
				CLANG_ENABLE_MODULES = YES;
				CLANG_ENABLE_OBJC_ARC = YES;
				CLANG_ENABLE_OBJC_WEAK = YES;
				CLANG_WARN_BLOCK_CAPTURE_AUTORELEASING = YES;
				CLANG_WARN_BOOL_CONVERSION = YES;
				CLANG_WARN_COMMA = YES;
				CLANG_WARN_CONSTANT_CONVERSION = YES;
				CLANG_WARN_DEPRECATED_OBJC_IMPLEMENTATIONS = YES;
				CLANG_WARN_DIRECT_OBJC_ISA_USAGE = YES_ERROR;
				CLANG_WARN_DOCUMENTATION_COMMENTS = YES;
				CLANG_WARN_EMPTY_BODY = YES;
				CLANG_WARN_ENUM_CONVERSION = YES;
				CLANG_WARN_INFINITE_RECURSION = YES;
				CLANG_WARN_INT_CONVERSION = YES;
				CLANG_WARN_NON_LITERAL_NULL_CONVERSION = YES;
				CLANG_WARN_OBJC_IMPLICIT_RETAIN_SELF = YES;
				CLANG_WARN_OBJC_LITERAL_CONVERSION = YES;
				CLANG_WARN_OBJC_ROOT_CLASS = YES_ERROR;
				CLANG_WARN_QUOTED_INCLUDE_IN_FRAMEWORK_HEADER = YES;
				CLANG_WARN_RANGE_LOOP_ANALYSIS = YES;
				CLANG_WARN_STRICT_PROTOTYPES = YES;
				CLANG_WARN_SUSPICIOUS_MOVE = YES;
				CLANG_WARN_UNGUARDED_AVAILABILITY = YES_AGGRESSIVE;
				CLANG_WARN_UNREACHABLE_CODE = YES;
				CLANG_WARN__DUPLICATE_METHOD_MATCH = YES;
				CODE_SIGN_IDENTITY = "iPhone Developer";
				COPY_PHASE_STRIP = NO;
				DEBUG_INFORMATION_FORMAT = dwarf;
				DEVELOPMENT_TEAM = W269739UBV;
				ENABLE_STRICT_OBJC_MSGSEND = YES;
				ENABLE_TESTABILITY = YES;
				ENABLE_USER_SCRIPT_SANDBOXING = YES;
				GCC_C_LANGUAGE_STANDARD = gnu11;
				GCC_DYNAMIC_NO_PIC = NO;
				GCC_NO_COMMON_BLOCKS = YES;
				GCC_OPTIMIZATION_LEVEL = 0;
				GCC_PREPROCESSOR_DEFINITIONS = (
					"DEBUG=1",
					"$(inherited)",
				);
				GCC_WARN_64_TO_32_BIT_CONVERSION = YES;
				GCC_WARN_ABOUT_RETURN_TYPE = YES_ERROR;
				GCC_WARN_UNDECLARED_SELECTOR = YES;
				GCC_WARN_UNINITIALIZED_AUTOS = YES_AGGRESSIVE;
				GCC_WARN_UNUSED_FUNCTION = YES;
				GCC_WARN_UNUSED_VARIABLE = YES;
				IPHONEOS_DEPLOYMENT_TARGET = 12.0;
				MTL_ENABLE_DEBUG_INFO = INCLUDE_SOURCE;
				MTL_FAST_MATH = YES;
				ONLY_ACTIVE_ARCH = YES;
				SDKROOT = iphoneos;
				SWIFT_ACTIVE_COMPILATION_CONDITIONS = DEBUG;
				SWIFT_OPTIMIZATION_LEVEL = "-Onone";
			};
			name = Debug;
		};
		38340DEB224FE42A009A0E56 /* Release */ = {
			isa = XCBuildConfiguration;
			buildSettings = {
				ALWAYS_SEARCH_USER_PATHS = NO;
				CLANG_ANALYZER_NONNULL = YES;
				CLANG_ANALYZER_NUMBER_OBJECT_CONVERSION = YES_AGGRESSIVE;
				CLANG_CXX_LANGUAGE_STANDARD = "gnu++14";
				CLANG_CXX_LIBRARY = "libc++";
				CLANG_ENABLE_MODULES = YES;
				CLANG_ENABLE_OBJC_ARC = YES;
				CLANG_ENABLE_OBJC_WEAK = YES;
				CLANG_WARN_BLOCK_CAPTURE_AUTORELEASING = YES;
				CLANG_WARN_BOOL_CONVERSION = YES;
				CLANG_WARN_COMMA = YES;
				CLANG_WARN_CONSTANT_CONVERSION = YES;
				CLANG_WARN_DEPRECATED_OBJC_IMPLEMENTATIONS = YES;
				CLANG_WARN_DIRECT_OBJC_ISA_USAGE = YES_ERROR;
				CLANG_WARN_DOCUMENTATION_COMMENTS = YES;
				CLANG_WARN_EMPTY_BODY = YES;
				CLANG_WARN_ENUM_CONVERSION = YES;
				CLANG_WARN_INFINITE_RECURSION = YES;
				CLANG_WARN_INT_CONVERSION = YES;
				CLANG_WARN_NON_LITERAL_NULL_CONVERSION = YES;
				CLANG_WARN_OBJC_IMPLICIT_RETAIN_SELF = YES;
				CLANG_WARN_OBJC_LITERAL_CONVERSION = YES;
				CLANG_WARN_OBJC_ROOT_CLASS = YES_ERROR;
				CLANG_WARN_QUOTED_INCLUDE_IN_FRAMEWORK_HEADER = YES;
				CLANG_WARN_RANGE_LOOP_ANALYSIS = YES;
				CLANG_WARN_STRICT_PROTOTYPES = YES;
				CLANG_WARN_SUSPICIOUS_MOVE = YES;
				CLANG_WARN_UNGUARDED_AVAILABILITY = YES_AGGRESSIVE;
				CLANG_WARN_UNREACHABLE_CODE = YES;
				CLANG_WARN__DUPLICATE_METHOD_MATCH = YES;
				CODE_SIGN_IDENTITY = "iPhone Developer";
				COPY_PHASE_STRIP = NO;
				DEBUG_INFORMATION_FORMAT = "dwarf-with-dsym";
				DEVELOPMENT_TEAM = W269739UBV;
				ENABLE_NS_ASSERTIONS = NO;
				ENABLE_STRICT_OBJC_MSGSEND = YES;
				ENABLE_USER_SCRIPT_SANDBOXING = YES;
				GCC_C_LANGUAGE_STANDARD = gnu11;
				GCC_NO_COMMON_BLOCKS = YES;
				GCC_WARN_64_TO_32_BIT_CONVERSION = YES;
				GCC_WARN_ABOUT_RETURN_TYPE = YES_ERROR;
				GCC_WARN_UNDECLARED_SELECTOR = YES;
				GCC_WARN_UNINITIALIZED_AUTOS = YES_AGGRESSIVE;
				GCC_WARN_UNUSED_FUNCTION = YES;
				GCC_WARN_UNUSED_VARIABLE = YES;
				IPHONEOS_DEPLOYMENT_TARGET = 12.0;
				MTL_ENABLE_DEBUG_INFO = NO;
				MTL_FAST_MATH = YES;
				SDKROOT = iphoneos;
				SWIFT_COMPILATION_MODE = wholemodule;
				SWIFT_OPTIMIZATION_LEVEL = "-O";
				VALIDATE_PRODUCT = YES;
			};
			name = Release;
		};
		38340DED224FE42A009A0E56 /* Debug */ = {
			isa = XCBuildConfiguration;
			buildSettings = {
				ASSETCATALOG_COMPILER_APPICON_NAME = AppIcon;
				CODE_SIGN_ENTITLEMENTS = "Perfect Green Screen/Perfect Green Screen.entitlements";
				CODE_SIGN_IDENTITY = "Apple Development";
				CODE_SIGN_STYLE = Automatic;
				CURRENT_PROJECT_VERSION = 22;
				DEVELOPMENT_TEAM = W269739UBV;
				INFOPLIST_FILE = "Perfect Green Screen/Info.plist";
				INFOPLIST_KEY_CFBundleDisplayName = "Perfect Green Screen";
				INFOPLIST_KEY_LSApplicationCategoryType = "public.app-category.photography";
				IPHONEOS_DEPLOYMENT_TARGET = 17.6;
				LD_RUNPATH_SEARCH_PATHS = (
					"$(inherited)",
					"@executable_path/Frameworks",
				);
				MARKETING_VERSION = 1.12;
				PRODUCT_BUNDLE_IDENTIFIER = com.indiefilmgear.perfectgreenscreen;
				PRODUCT_NAME = "$(TARGET_NAME)";
				SWIFT_VERSION = 5.0;
				TARGETED_DEVICE_FAMILY = "1,2";
			};
			name = Debug;
		};
		38340DEE224FE42A009A0E56 /* Release */ = {
			isa = XCBuildConfiguration;
			buildSettings = {
				ASSETCATALOG_COMPILER_APPICON_NAME = AppIcon;
				CODE_SIGN_ENTITLEMENTS = "Perfect Green Screen/Perfect Green Screen.entitlements";
				CODE_SIGN_IDENTITY = "Apple Development";
				CODE_SIGN_STYLE = Automatic;
				CURRENT_PROJECT_VERSION = 22;
				DEVELOPMENT_TEAM = W269739UBV;
				INFOPLIST_FILE = "Perfect Green Screen/Info.plist";
				INFOPLIST_KEY_CFBundleDisplayName = "Perfect Green Screen";
				INFOPLIST_KEY_LSApplicationCategoryType = "public.app-category.photography";
				IPHONEOS_DEPLOYMENT_TARGET = 17.6;
				LD_RUNPATH_SEARCH_PATHS = (
					"$(inherited)",
					"@executable_path/Frameworks",
				);
				MARKETING_VERSION = 1.12;
				PRODUCT_BUNDLE_IDENTIFIER = com.indiefilmgear.perfectgreenscreen;
				PRODUCT_NAME = "$(TARGET_NAME)";
				SWIFT_VERSION = 5.0;
				TARGETED_DEVICE_FAMILY = "1,2";
			};
			name = Release;
		};
/* End XCBuildConfiguration section */

/* Begin XCConfigurationList section */
		38340DD5224FE428009A0E56 /* Build configuration list for PBXProject "Perfect Green Screen" */ = {
			isa = XCConfigurationList;
			buildConfigurations = (
				38340DEA224FE42A009A0E56 /* Debug */,
				38340DEB224FE42A009A0E56 /* Release */,
			);
			defaultConfigurationIsVisible = 0;
			defaultConfigurationName = Release;
		};
		38340DEC224FE42A009A0E56 /* Build configuration list for PBXNativeTarget "Perfect Green Screen" */ = {
			isa = XCConfigurationList;
			buildConfigurations = (
				38340DED224FE42A009A0E56 /* Debug */,
				38340DEE224FE42A009A0E56 /* Release */,
			);
			defaultConfigurationIsVisible = 0;
			defaultConfigurationName = Release;
		};
/* End XCConfigurationList section */
	};
	rootObject = 38340DD2224FE428009A0E56 /* Project object */;
}
